// !$*UTF8*$!
{
	archiveVersion = 1;
	classes = {
	};
	objectVersion = 56;
	objects = {

/* Begin PBXBuildFile section */
		D17F9DF32C9F85AF006A1E66 /* DragShapeAnimationApp.swift in Sources */ = {isa = PBXBuildFile; fileRef = D17F9DF22C9F85AF006A1E66 /* DragShapeAnimationApp.swift */; };
		D17F9DF52C9F85AF006A1E66 /* ContentView.swift in Sources */ = {isa = PBXBuildFile; fileRef = D17F9DF42C9F85AF006A1E66 /* ContentView.swift */; };
		D17F9DF72C9F85B0006A1E66 /* Assets.xcassets in Resources */ = {isa = PBXBuildFile; fileRef = D17F9DF62C9F85B0006A1E66 /* Assets.xcassets */; };
		D17F9DFA2C9F85B0006A1E66 /* Preview Assets.xcassets in Resources */ = {isa = PBXBuildFile; fileRef = D17F9DF92C9F85B0006A1E66 /* Preview Assets.xcassets */; };
		D17F9E042C9F85B0006A1E66 /* DragShapeAnimationTests.swift in Sources */ = {isa = PBXBuildFile; fileRef = D17F9E032C9F85B0006A1E66 /* DragShapeAnimationTests.swift */; };
		D17F9E0E2C9F85B0006A1E66 /* DragShapeAnimationUITests.swift in Sources */ = {isa = PBXBuildFile; fileRef = D17F9E0D2C9F85B0006A1E66 /* DragShapeAnimationUITests.swift */; };
		D17F9E102C9F85B0006A1E66 /* DragShapeAnimationUITestsLaunchTests.swift in Sources */ = {isa = PBXBuildFile; fileRef = D17F9E0F2C9F85B0006A1E66 /* DragShapeAnimationUITestsLaunchTests.swift */; };
/* End PBXBuildFile section */

/* Begin PBXContainerItemProxy section */
		D17F9E002C9F85B0006A1E66 /* PBXContainerItemProxy */ = {
			isa = PBXContainerItemProxy;
			containerPortal = D17F9DE72C9F85AF006A1E66 /* Project object */;
			proxyType = 1;
			remoteGlobalIDString = D17F9DEE2C9F85AF006A1E66;
			remoteInfo = DragShapeAnimation;
		};
		D17F9E0A2C9F85B0006A1E66 /* PBXContainerItemProxy */ = {
			isa = PBXContainerItemProxy;
			containerPortal = D17F9DE72C9F85AF006A1E66 /* Project object */;
			proxyType = 1;
			remoteGlobalIDString = D17F9DEE2C9F85AF006A1E66;
			remoteInfo = DragShapeAnimation;
		};
/* End PBXContainerItemProxy section */

/* Begin PBXFileReference section */
		D17F9DEF2C9F85AF006A1E66 /* DragShapeAnimation.app */ = {isa = PBXFileReference; explicitFileType = wrapper.application; includeInIndex = 0; path = DragShapeAnimation.app; sourceTree = BUILT_PRODUCTS_DIR; };
		D17F9DF22C9F85AF006A1E66 /* DragShapeAnimationApp.swift */ = {isa = PBXFileReference; lastKnownFileType = sourcecode.swift; path = DragShapeAnimationApp.swift; sourceTree = "<group>"; };
		D17F9DF42C9F85AF006A1E66 /* ContentView.swift */ = {isa = PBXFileReference; lastKnownFileType = sourcecode.swift; path = ContentView.swift; sourceTree = "<group>"; };
		D17F9DF62C9F85B0006A1E66 /* Assets.xcassets */ = {isa = PBXFileReference; lastKnownFileType = folder.assetcatalog; path = Assets.xcassets; sourceTree = "<group>"; };
		D17F9DF92C9F85B0006A1E66 /* Preview Assets.xcassets */ = {isa = PBXFileReference; lastKnownFileType = folder.assetcatalog; path = "Preview Assets.xcassets"; sourceTree = "<group>"; };
		D17F9DFF2C9F85B0006A1E66 /* DragShapeAnimationTests.xctest */ = {isa = PBXFileReference; explicitFileType = wrapper.cfbundle; includeInIndex = 0; path = DragShapeAnimationTests.xctest; sourceTree = BUILT_PRODUCTS_DIR; };
		D17F9E032C9F85B0006A1E66 /* DragShapeAnimationTests.swift */ = {isa = PBXFileReference; lastKnownFileType = sourcecode.swift; path = DragShapeAnimationTests.swift; sourceTree = "<group>"; };
		D17F9E092C9F85B0006A1E66 /* DragShapeAnimationUITests.xctest */ = {isa = PBXFileReference; explicitFileType = wrapper.cfbundle; includeInIndex = 0; path = DragShapeAnimationUITests.xctest; sourceTree = BUILT_PRODUCTS_DIR; };
		D17F9E0D2C9F85B0006A1E66 /* DragShapeAnimationUITests.swift */ = {isa = PBXFileReference; lastKnownFileType = sourcecode.swift; path = DragShapeAnimationUITests.swift; sourceTree = "<group>"; };
		D17F9E0F2C9F85B0006A1E66 /* DragShapeAnimationUITestsLaunchTests.swift */ = {isa = PBXFileReference; lastKnownFileType = sourcecode.swift; path = DragShapeAnimationUITestsLaunchTests.swift; sourceTree = "<group>"; };
/* End PBXFileReference section */

/* Begin PBXFrameworksBuildPhase section */
		D17F9DEC2C9F85AF006A1E66 /* Frameworks */ = {
			isa = PBXFrameworksBuildPhase;
			buildActionMask = 2147483647;
			files = (
			);
			runOnlyForDeploymentPostprocessing = 0;
		};
		D17F9DFC2C9F85B0006A1E66 /* Frameworks */ = {
			isa = PBXFrameworksBuildPhase;
			buildActionMask = 2147483647;
			files = (
			);
			runOnlyForDeploymentPostprocessing = 0;
		};
		D17F9E062C9F85B0006A1E66 /* Frameworks */ = {
			isa = PBXFrameworksBuildPhase;
			buildActionMask = 2147483647;
			files = (
			);
			runOnlyForDeploymentPostprocessing = 0;
		};
/* End PBXFrameworksBuildPhase section */

/* Begin PBXGroup section */
		D17F9DE62C9F85AF006A1E66 = {
			isa = PBXGroup;
			children = (
				D17F9DF12C9F85AF006A1E66 /* DragShapeAnimation */,
				D17F9E022C9F85B0006A1E66 /* DragShapeAnimationTests */,
				D17F9E0C2C9F85B0006A1E66 /* DragShapeAnimationUITests */,
				D17F9DF02C9F85AF006A1E66 /* Products */,
			);
			sourceTree = "<group>";
		};
		D17F9DF02C9F85AF006A1E66 /* Products */ = {
			isa = PBXGroup;
			children = (
				D17F9DEF2C9F85AF006A1E66 /* DragShapeAnimation.app */,
				D17F9DFF2C9F85B0006A1E66 /* DragShapeAnimationTests.xctest */,
				D17F9E092C9F85B0006A1E66 /* DragShapeAnimationUITests.xctest */,
			);
			name = Products;
			sourceTree = "<group>";
		};
		D17F9DF12C9F85AF006A1E66 /* DragShapeAnimation */ = {
			isa = PBXGroup;
			children = (
				D17F9DF22C9F85AF006A1E66 /* DragShapeAnimationApp.swift */,
				D17F9DF42C9F85AF006A1E66 /* ContentView.swift */,
				D17F9DF62C9F85B0006A1E66 /* Assets.xcassets */,
				D17F9DF82C9F85B0006A1E66 /* Preview Content */,
			);
			path = DragShapeAnimation;
			sourceTree = "<group>";
		};
		D17F9DF82C9F85B0006A1E66 /* Preview Content */ = {
			isa = PBXGroup;
			children = (
				D17F9DF92C9F85B0006A1E66 /* Preview Assets.xcassets */,
			);
			path = "Preview Content";
			sourceTree = "<group>";
		};
		D17F9E022C9F85B0006A1E66 /* DragShapeAnimationTests */ = {
			isa = PBXGroup;
			children = (
				D17F9E032C9F85B0006A1E66 /* DragShapeAnimationTests.swift */,
			);
			path = DragShapeAnimationTests;
			sourceTree = "<group>";
		};
		D17F9E0C2C9F85B0006A1E66 /* DragShapeAnimationUITests */ = {
			isa = PBXGroup;
			children = (
				D17F9E0D2C9F85B0006A1E66 /* DragShapeAnimationUITests.swift */,
				D17F9E0F2C9F85B0006A1E66 /* DragShapeAnimationUITestsLaunchTests.swift */,
			);
			path = DragShapeAnimationUITests;
			sourceTree = "<group>";
		};
/* End PBXGroup section */

/* Begin PBXNativeTarget section */
		D17F9DEE2C9F85AF006A1E66 /* DragShapeAnimation */ = {
			isa = PBXNativeTarget;
			buildConfigurationList = D17F9E132C9F85B0006A1E66 /* Build configuration list for PBXNativeTarget "DragShapeAnimation" */;
			buildPhases = (
				D17F9DEB2C9F85AF006A1E66 /* Sources */,
				D17F9DEC2C9F85AF006A1E66 /* Frameworks */,
				D17F9DED2C9F85AF006A1E66 /* Resources */,
			);
			buildRules = (
			);
			dependencies = (
			);
			name = DragShapeAnimation;
			productName = DragShapeAnimation;
			productReference = D17F9DEF2C9F85AF006A1E66 /* DragShapeAnimation.app */;
			productType = "com.apple.product-type.application";
		};
		D17F9DFE2C9F85B0006A1E66 /* DragShapeAnimationTests */ = {
			isa = PBXNativeTarget;
			buildConfigurationList = D17F9E162C9F85B0006A1E66 /* Build configuration list for PBXNativeTarget "DragShapeAnimationTests" */;
			buildPhases = (
				D17F9DFB2C9F85B0006A1E66 /* Sources */,
				D17F9DFC2C9F85B0006A1E66 /* Frameworks */,
				D17F9DFD2C9F85B0006A1E66 /* Resources */,
			);
			buildRules = (
			);
			dependencies = (
				D17F9E012C9F85B0006A1E66 /* PBXTargetDependency */,
			);
			name = DragShapeAnimationTests;
			productName = DragShapeAnimationTests;
			productReference = D17F9DFF2C9F85B0006A1E66 /* DragShapeAnimationTests.xctest */;
			productType = "com.apple.product-type.bundle.unit-test";
		};
		D17F9E082C9F85B0006A1E66 /* DragShapeAnimationUITests */ = {
			isa = PBXNativeTarget;
			buildConfigurationList = D17F9E192C9F85B0006A1E66 /* Build configuration list for PBXNativeTarget "DragShapeAnimationUITests" */;
			buildPhases = (
				D17F9E052C9F85B0006A1E66 /* Sources */,
				D17F9E062C9F85B0006A1E66 /* Frameworks */,
				D17F9E072C9F85B0006A1E66 /* Resources */,
			);
			buildRules = (
			);
			dependencies = (
				D17F9E0B2C9F85B0006A1E66 /* PBXTargetDependency */,
			);
			name = DragShapeAnimationUITests;
			productName = DragShapeAnimationUITests;
			productReference = D17F9E092C9F85B0006A1E66 /* DragShapeAnimationUITests.xctest */;
			productType = "com.apple.product-type.bundle.ui-testing";
		};
/* End PBXNativeTarget section */

/* Begin PBXProject section */
		D17F9DE72C9F85AF006A1E66 /* Project object */ = {
			isa = PBXProject;
			attributes = {
				BuildIndependentTargetsInParallel = 1;
				LastSwiftUpdateCheck = 1520;
				LastUpgradeCheck = 1520;
				TargetAttributes = {
					D17F9DEE2C9F85AF006A1E66 = {
						CreatedOnToolsVersion = 15.2;
					};
					D17F9DFE2C9F85B0006A1E66 = {
						CreatedOnToolsVersion = 15.2;
						TestTargetID = D17F9DEE2C9F85AF006A1E66;
					};
					D17F9E082C9F85B0006A1E66 = {
						CreatedOnToolsVersion = 15.2;
						TestTargetID = D17F9DEE2C9F85AF006A1E66;
					};
				};
			};
			buildConfigurationList = D17F9DEA2C9F85AF006A1E66 /* Build configuration list for PBXProject "DragShapeAnimation" */;
			compatibilityVersion = "Xcode 14.0";
			developmentRegion = en;
			hasScannedForEncodings = 0;
			knownRegions = (
				en,
				Base,
			);
			mainGroup = D17F9DE62C9F85AF006A1E66;
			productRefGroup = D17F9DF02C9F85AF006A1E66 /* Products */;
			projectDirPath = "";
			projectRoot = "";
			targets = (
				D17F9DEE2C9F85AF006A1E66 /* DragShapeAnimation */,
				D17F9DFE2C9F85B0006A1E66 /* DragShapeAnimationTests */,
				D17F9E082C9F85B0006A1E66 /* DragShapeAnimationUITests */,
			);
		};
/* End PBXProject section */

/* Begin PBXResourcesBuildPhase section */
		D17F9DED2C9F85AF006A1E66 /* Resources */ = {
			isa = PBXResourcesBuildPhase;
			buildActionMask = 2147483647;
			files = (
				D17F9DFA2C9F85B0006A1E66 /* Preview Assets.xcassets in Resources */,
				D17F9DF72C9F85B0006A1E66 /* Assets.xcassets in Resources */,
			);
			runOnlyForDeploymentPostprocessing = 0;
		};
		D17F9DFD2C9F85B0006A1E66 /* Resources */ = {
			isa = PBXResourcesBuildPhase;
			buildActionMask = 2147483647;
			files = (
			);
			runOnlyForDeploymentPostprocessing = 0;
		};
		D17F9E072C9F85B0006A1E66 /* Resources */ = {
			isa = PBXResourcesBuildPhase;
			buildActionMask = 2147483647;
			files = (
			);
			runOnlyForDeploymentPostprocessing = 0;
		};
/* End PBXResourcesBuildPhase section */

/* Begin PBXSourcesBuildPhase section */
		D17F9DEB2C9F85AF006A1E66 /* Sources */ = {
			isa = PBXSourcesBuildPhase;
			buildActionMask = 2147483647;
			files = (
				D17F9DF52C9F85AF006A1E66 /* ContentView.swift in Sources */,
				D17F9DF32C9F85AF006A1E66 /* DragShapeAnimationApp.swift in Sources */,
			);
			runOnlyForDeploymentPostprocessing = 0;
		};
		D17F9DFB2C9F85B0006A1E66 /* Sources */ = {
			isa = PBXSourcesBuildPhase;
			buildActionMask = 2147483647;
			files = (
				D17F9E042C9F85B0006A1E66 /* DragShapeAnimationTests.swift in Sources */,
			);
			runOnlyForDeploymentPostprocessing = 0;
		};
		D17F9E052C9F85B0006A1E66 /* Sources */ = {
			isa = PBXSourcesBuildPhase;
			buildActionMask = 2147483647;
			files = (
				D17F9E0E2C9F85B0006A1E66 /* DragShapeAnimationUITests.swift in Sources */,
				D17F9E102C9F85B0006A1E66 /* DragShapeAnimationUITestsLaunchTests.swift in Sources */,
			);
			runOnlyForDeploymentPostprocessing = 0;
		};
/* End PBXSourcesBuildPhase section */

/* Begin PBXTargetDependency section */
		D17F9E012C9F85B0006A1E66 /* PBXTargetDependency */ = {
			isa = PBXTargetDependency;
			target = D17F9DEE2C9F85AF006A1E66 /* DragShapeAnimation */;
			targetProxy = D17F9E002C9F85B0006A1E66 /* PBXContainerItemProxy */;
		};
		D17F9E0B2C9F85B0006A1E66 /* PBXTargetDependency */ = {
			isa = PBXTargetDependency;
			target = D17F9DEE2C9F85AF006A1E66 /* DragShapeAnimation */;
			targetProxy = D17F9E0A2C9F85B0006A1E66 /* PBXContainerItemProxy */;
		};
/* End PBXTargetDependency section */

/* Begin XCBuildConfiguration section */
		D17F9E112C9F85B0006A1E66 /* Debug */ = {
			isa = XCBuildConfiguration;
			buildSettings = {
				ALWAYS_SEARCH_USER_PATHS = NO;
				ASSETCATALOG_COMPILER_GENERATE_SWIFT_ASSET_SYMBOL_EXTENSIONS = YES;
				CLANG_ANALYZER_NONNULL = YES;
				CLANG_ANALYZER_NUMBER_OBJECT_CONVERSION = YES_AGGRESSIVE;
				CLANG_CXX_LANGUAGE_STANDARD = "gnu++20";
				CLANG_ENABLE_MODULES = YES;
				CLANG_ENABLE_OBJC_ARC = YES;
				CLANG_ENABLE_OBJC_WEAK = YES;
				CLANG_WARN_BLOCK_CAPTURE_AUTORELEASING = YES;
				CLANG_WARN_BOOL_CONVERSION = YES;
				CLANG_WARN_COMMA = YES;
				CLANG_WARN_CONSTANT_CONVERSION = YES;
				CLANG_WARN_DEPRECATED_OBJC_IMPLEMENTATIONS = YES;
				CLANG_WARN_DIRECT_OBJC_ISA_USAGE = YES_ERROR;
				CLANG_WARN_DOCUMENTATION_COMMENTS = YES;
				CLANG_WARN_EMPTY_BODY = YES;
				CLANG_WARN_ENUM_CONVERSION = YES;
				CLANG_WARN_INFINITE_RECURSION = YES;
				CLANG_WARN_INT_CONVERSION = YES;
				CLANG_WARN_NON_LITERAL_NULL_CONVERSION = YES;
				CLANG_WARN_OBJC_IMPLICIT_RETAIN_SELF = YES;
				CLANG_WARN_OBJC_LITERAL_CONVERSION = YES;
				CLANG_WARN_OBJC_ROOT_CLASS = YES_ERROR;
				CLANG_WARN_QUOTED_INCLUDE_IN_FRAMEWORK_HEADER = YES;
				CLANG_WARN_RANGE_LOOP_ANALYSIS = YES;
				CLANG_WARN_STRICT_PROTOTYPES = YES;
				CLANG_WARN_SUSPICIOUS_MOVE = YES;
				CLANG_WARN_UNGUARDED_AVAILABILITY = YES_AGGRESSIVE;
				CLANG_WARN_UNREACHABLE_CODE = YES;
				CLANG_WARN__DUPLICATE_METHOD_MATCH = YES;
				COPY_PHASE_STRIP = NO;
				DEBUG_INFORMATION_FORMAT = dwarf;
				ENABLE_STRICT_OBJC_MSGSEND = YES;
				ENABLE_TESTABILITY = YES;
				ENABLE_USER_SCRIPT_SANDBOXING = YES;
				GCC_C_LANGUAGE_STANDARD = gnu17;
				GCC_DYNAMIC_NO_PIC = NO;
				GCC_NO_COMMON_BLOCKS = YES;
				GCC_OPTIMIZATION_LEVEL = 0;
				GCC_PREPROCESSOR_DEFINITIONS = (
					"DEBUG=1",
					"$(inherited)",
				);
				GCC_WARN_64_TO_32_BIT_CONVERSION = YES;
				GCC_WARN_ABOUT_RETURN_TYPE = YES_ERROR;
				GCC_WARN_UNDECLARED_SELECTOR = YES;
				GCC_WARN_UNINITIALIZED_AUTOS = YES_AGGRESSIVE;
				GCC_WARN_UNUSED_FUNCTION = YES;
				GCC_WARN_UNUSED_VARIABLE = YES;
				IPHONEOS_DEPLOYMENT_TARGET = 17.2;
				LOCALIZATION_PREFERS_STRING_CATALOGS = YES;
				MTL_ENABLE_DEBUG_INFO = INCLUDE_SOURCE;
				MTL_FAST_MATH = YES;
				ONLY_ACTIVE_ARCH = YES;
				SDKROOT = iphoneos;
				SWIFT_ACTIVE_COMPILATION_CONDITIONS = "DEBUG $(inherited)";
				SWIFT_OPTIMIZATION_LEVEL = "-Onone";
			};
			name = Debug;
		};
		D17F9E122C9F85B0006A1E66 /* Release */ = {
			isa = XCBuildConfiguration;
			buildSettings = {
				ALWAYS_SEARCH_USER_PATHS = NO;
				ASSETCATALOG_COMPILER_GENERATE_SWIFT_ASSET_SYMBOL_EXTENSIONS = YES;
				CLANG_ANALYZER_NONNULL = YES;
				CLANG_ANALYZER_NUMBER_OBJECT_CONVERSION = YES_AGGRESSIVE;
				CLANG_CXX_LANGUAGE_STANDARD = "gnu++20";
				CLANG_ENABLE_MODULES = YES;
				CLANG_ENABLE_OBJC_ARC = YES;
				CLANG_ENABLE_OBJC_WEAK = YES;
				CLANG_WARN_BLOCK_CAPTURE_AUTORELEASING = YES;
				CLANG_WARN_BOOL_CONVERSION = YES;
				CLANG_WARN_COMMA = YES;
				CLANG_WARN_CONSTANT_CONVERSION = YES;
				CLANG_WARN_DEPRECATED_OBJC_IMPLEMENTATIONS = YES;
				CLANG_WARN_DIRECT_OBJC_ISA_USAGE = YES_ERROR;
				CLANG_WARN_DOCUMENTATION_COMMENTS = YES;
				CLANG_WARN_EMPTY_BODY = YES;
				CLANG_WARN_ENUM_CONVERSION = YES;
				CLANG_WARN_INFINITE_RECURSION = YES;
				CLANG_WARN_INT_CONVERSION = YES;
				CLANG_WARN_NON_LITERAL_NULL_CONVERSION = YES;
				CLANG_WARN_OBJC_IMPLICIT_RETAIN_SELF = YES;
				CLANG_WARN_OBJC_LITERAL_CONVERSION = YES;
				CLANG_WARN_OBJC_ROOT_CLASS = YES_ERROR;
				CLANG_WARN_QUOTED_INCLUDE_IN_FRAMEWORK_HEADER = YES;
				CLANG_WARN_RANGE_LOOP_ANALYSIS = YES;
				CLANG_WARN_STRICT_PROTOTYPES = YES;
				CLANG_WARN_SUSPICIOUS_MOVE = YES;
				CLANG_WARN_UNGUARDED_AVAILABILITY = YES_AGGRESSIVE;
				CLANG_WARN_UNREACHABLE_CODE = YES;
				CLANG_WARN__DUPLICATE_METHOD_MATCH = YES;
				COPY_PHASE_STRIP = NO;
				DEBUG_INFORMATION_FORMAT = "dwarf-with-dsym";
				ENABLE_NS_ASSERTIONS = NO;
				ENABLE_STRICT_OBJC_MSGSEND = YES;
				ENABLE_USER_SCRIPT_SANDBOXING = YES;
				GCC_C_LANGUAGE_STANDARD = gnu17;
				GCC_NO_COMMON_BLOCKS = YES;
				GCC_WARN_64_TO_32_BIT_CONVERSION = YES;
				GCC_WARN_ABOUT_RETURN_TYPE = YES_ERROR;
				GCC_WARN_UNDECLARED_SELECTOR = YES;
				GCC_WARN_UNINITIALIZED_AUTOS = YES_AGGRESSIVE;
				GCC_WARN_UNUSED_FUNCTION = YES;
				GCC_WARN_UNUSED_VARIABLE = YES;
				IPHONEOS_DEPLOYMENT_TARGET = 17.2;
				LOCALIZATION_PREFERS_STRING_CATALOGS = YES;
				MTL_ENABLE_DEBUG_INFO = NO;
				MTL_FAST_MATH = YES;
				SDKROOT = iphoneos;
				SWIFT_COMPILATION_MODE = wholemodule;
				VALIDATE_PRODUCT = YES;
			};
			name = Release;
		};
		D17F9E142C9F85B0006A1E66 /* Debug */ = {
			isa = XCBuildConfiguration;
			buildSettings = {
				ASSETCATALOG_COMPILER_APPICON_NAME = AppIcon;
				ASSETCATALOG_COMPILER_GLOBAL_ACCENT_COLOR_NAME = AccentColor;
				CODE_SIGN_STYLE = Automatic;
				CURRENT_PROJECT_VERSION = 1;
				DEVELOPMENT_ASSET_PATHS = "\"DragShapeAnimation/Preview Content\"";
				DEVELOPMENT_TEAM = V2L54H4TB2;
				ENABLE_PREVIEWS = YES;
				GENERATE_INFOPLIST_FILE = YES;
				INFOPLIST_KEY_UIApplicationSceneManifest_Generation = YES;
				INFOPLIST_KEY_UIApplicationSupportsIndirectInputEvents = YES;
				INFOPLIST_KEY_UILaunchScreen_Generation = YES;
				INFOPLIST_KEY_UISupportedInterfaceOrientations_iPad = "UIInterfaceOrientationPortrait UIInterfaceOrientationPortraitUpsideDown UIInterfaceOrientationLandscapeLeft UIInterfaceOrientationLandscapeRight";
				INFOPLIST_KEY_UISupportedInterfaceOrientations_iPhone = "UIInterfaceOrientationPortrait UIInterfaceOrientationLandscapeLeft UIInterfaceOrientationLandscapeRight";
				LD_RUNPATH_SEARCH_PATHS = (
					"$(inherited)",
					"@executable_path/Frameworks",
				);
				MARKETING_VERSION = 1.0;
				PRODUCT_BUNDLE_IDENTIFIER = com.kett.DragShapeAnimation;
				PRODUCT_NAME = "$(TARGET_NAME)";
				SUPPORTED_PLATFORMS = "iphoneos iphonesimulator";
				SUPPORTS_MACCATALYST = NO;
				SUPPORTS_MAC_DESIGNED_FOR_IPHONE_IPAD = NO;
				SUPPORTS_XR_DESIGNED_FOR_IPHONE_IPAD = NO;
				SWIFT_EMIT_LOC_STRINGS = YES;
				SWIFT_VERSION = 5.0;
				TARGETED_DEVICE_FAMILY = 1;
			};
			name = Debug;
		};
		D17F9E152C9F85B0006A1E66 /* Release */ = {
			isa = XCBuildConfiguration;
			buildSettings = {
				ASSETCATALOG_COMPILER_APPICON_NAME = AppIcon;
				ASSETCATALOG_COMPILER_GLOBAL_ACCENT_COLOR_NAME = AccentColor;
				CODE_SIGN_STYLE = Automatic;
				CURRENT_PROJECT_VERSION = 1;
				DEVELOPMENT_ASSET_PATHS = "\"DragShapeAnimation/Preview Content\"";
				DEVELOPMENT_TEAM = V2L54H4TB2;
				ENABLE_PREVIEWS = YES;
				GENERATE_INFOPLIST_FILE = YES;
				INFOPLIST_KEY_UIApplicationSceneManifest_Generation = YES;
				INFOPLIST_KEY_UIApplicationSupportsIndirectInputEvents = YES;
				INFOPLIST_KEY_UILaunchScreen_Generation = YES;
				INFOPLIST_KEY_UISupportedInterfaceOrientations_iPad = "UIInterfaceOrientationPortrait UIInterfaceOrientationPortraitUpsideDown UIInterfaceOrientationLandscapeLeft UIInterfaceOrientationLandscapeRight";
				INFOPLIST_KEY_UISupportedInterfaceOrientations_iPhone = "UIInterfaceOrientationPortrait UIInterfaceOrientationLandscapeLeft UIInterfaceOrientationLandscapeRight";
				LD_RUNPATH_SEARCH_PATHS = (
					"$(inherited)",
					"@executable_path/Frameworks",
				);
				MARKETING_VERSION = 1.0;
				PRODUCT_BUNDLE_IDENTIFIER = com.kett.DragShapeAnimation;
				PRODUCT_NAME = "$(TARGET_NAME)";
				SUPPORTED_PLATFORMS = "iphoneos iphonesimulator";
				SUPPORTS_MACCATALYST = NO;
				SUPPORTS_MAC_DESIGNED_FOR_IPHONE_IPAD = NO;
				SUPPORTS_XR_DESIGNED_FOR_IPHONE_IPAD = NO;
				SWIFT_EMIT_LOC_STRINGS = YES;
				SWIFT_VERSION = 5.0;
				TARGETED_DEVICE_FAMILY = 1;
			};
			name = Release;
		};
		D17F9E172C9F85B0006A1E66 /* Debug */ = {
			isa = XCBuildConfiguration;
			buildSettings = {
				ALWAYS_EMBED_SWIFT_STANDARD_LIBRARIES = YES;
				BUNDLE_LOADER = "$(TEST_HOST)";
				CODE_SIGN_STYLE = Automatic;
				CURRENT_PROJECT_VERSION = 1;
				DEVELOPMENT_TEAM = V2L54H4TB2;
				GENERATE_INFOPLIST_FILE = YES;
				IPHONEOS_DEPLOYMENT_TARGET = 17.2;
				MARKETING_VERSION = 1.0;
				PRODUCT_BUNDLE_IDENTIFIER = com.kett.DragShapeAnimationTests;
				PRODUCT_NAME = "$(TARGET_NAME)";
				SWIFT_EMIT_LOC_STRINGS = NO;
				SWIFT_VERSION = 5.0;
				TARGETED_DEVICE_FAMILY = "1,2";
				TEST_HOST = "$(BUILT_PRODUCTS_DIR)/DragShapeAnimation.app/$(BUNDLE_EXECUTABLE_FOLDER_PATH)/DragShapeAnimation";
			};
			name = Debug;
		};
		D17F9E182C9F85B0006A1E66 /* Release */ = {
			isa = XCBuildConfiguration;
			buildSettings = {
				ALWAYS_EMBED_SWIFT_STANDARD_LIBRARIES = YES;
				BUNDLE_LOADER = "$(TEST_HOST)";
				CODE_SIGN_STYLE = Automatic;
				CURRENT_PROJECT_VERSION = 1;
				DEVELOPMENT_TEAM = V2L54H4TB2;
				GENERATE_INFOPLIST_FILE = YES;
				IPHONEOS_DEPLOYMENT_TARGET = 17.2;
				MARKETING_VERSION = 1.0;
				PRODUCT_BUNDLE_IDENTIFIER = com.kett.DragShapeAnimationTests;
				PRODUCT_NAME = "$(TARGET_NAME)";
				SWIFT_EMIT_LOC_STRINGS = NO;
				SWIFT_VERSION = 5.0;
				TARGETED_DEVICE_FAMILY = "1,2";
				TEST_HOST = "$(BUILT_PRODUCTS_DIR)/DragShapeAnimation.app/$(BUNDLE_EXECUTABLE_FOLDER_PATH)/DragShapeAnimation";
			};
			name = Release;
		};
		D17F9E1A2C9F85B0006A1E66 /* Debug */ = {
			isa = XCBuildConfiguration;
			buildSettings = {
				ALWAYS_EMBED_SWIFT_STANDARD_LIBRARIES = YES;
				CODE_SIGN_STYLE = Automatic;
				CURRENT_PROJECT_VERSION = 1;
				DEVELOPMENT_TEAM = V2L54H4TB2;
				GENERATE_INFOPLIST_FILE = YES;
				MARKETING_VERSION = 1.0;
				PRODUCT_BUNDLE_IDENTIFIER = com.kett.DragShapeAnimationUITests;
				PRODUCT_NAME = "$(TARGET_NAME)";
				SWIFT_EMIT_LOC_STRINGS = NO;
				SWIFT_VERSION = 5.0;
				TARGETED_DEVICE_FAMILY = "1,2";
				TEST_TARGET_NAME = DragShapeAnimation;
			};
			name = Debug;
		};
		D17F9E1B2C9F85B0006A1E66 /* Release */ = {
			isa = XCBuildConfiguration;
			buildSettings = {
				ALWAYS_EMBED_SWIFT_STANDARD_LIBRARIES = YES;
				CODE_SIGN_STYLE = Automatic;
				CURRENT_PROJECT_VERSION = 1;
				DEVELOPMENT_TEAM = V2L54H4TB2;
				GENERATE_INFOPLIST_FILE = YES;
				MARKETING_VERSION = 1.0;
				PRODUCT_BUNDLE_IDENTIFIER = com.kett.DragShapeAnimationUITests;
				PRODUCT_NAME = "$(TARGET_NAME)";
				SWIFT_EMIT_LOC_STRINGS = NO;
				SWIFT_VERSION = 5.0;
				TARGETED_DEVICE_FAMILY = "1,2";
				TEST_TARGET_NAME = DragShapeAnimation;
			};
			name = Release;
		};
/* End XCBuildConfiguration section */

/* Begin XCConfigurationList section */
		D17F9DEA2C9F85AF006A1E66 /* Build configuration list for PBXProject "DragShapeAnimation" */ = {
			isa = XCConfigurationList;
			buildConfigurations = (
				D17F9E112C9F85B0006A1E66 /* Debug */,
				D17F9E122C9F85B0006A1E66 /* Release */,
			);
			defaultConfigurationIsVisible = 0;
			defaultConfigurationName = Release;
		};
		D17F9E132C9F85B0006A1E66 /* Build configuration list for PBXNativeTarget "DragShapeAnimation" */ = {
			isa = XCConfigurationList;
			buildConfigurations = (
				D17F9E142C9F85B0006A1E66 /* Debug */,
				D17F9E152C9F85B0006A1E66 /* Release */,
			);
			defaultConfigurationIsVisible = 0;
			defaultConfigurationName = Release;
		};
		D17F9E162C9F85B0006A1E66 /* Build configuration list for PBXNativeTarget "DragShapeAnimationTests" */ = {
			isa = XCConfigurationList;
			buildConfigurations = (
				D17F9E172C9F85B0006A1E66 /* Debug */,
				D17F9E182C9F85B0006A1E66 /* Release */,
			);
			defaultConfigurationIsVisible = 0;
			defaultConfigurationName = Release;
		};
		D17F9E192C9F85B0006A1E66 /* Build configuration list for PBXNativeTarget "DragShapeAnimationUITests" */ = {
			isa = XCConfigurationList;
			buildConfigurations = (
				D17F9E1A2C9F85B0006A1E66 /* Debug */,
				D17F9E1B2C9F85B0006A1E66 /* Release */,
			);
			defaultConfigurationIsVisible = 0;
			defaultConfigurationName = Release;
		};
/* End XCConfigurationList section */
	};
	rootObject = D17F9DE72C9F85AF006A1E66 /* Project object */;
}
